
Microsoft Visual Studio Solution File, Format Version 12.00
# Visual Studio Version 16
VisualStudioVersion = 16.0.30011.22
MinimumVisualStudioVersion = 10.0.40219.1
Project("{FAE04EC0-301F-11D3-BF4B-00C04F79EFBC}") = "CoronaWatchLibrary", "CoronaWatchLibrary\CoronaWatchLibrary.csproj", "{A02DF46D-D0AC-4C26-964A-92617276360C}"
EndProject
Project("{FAE04EC0-301F-11D3-BF4B-00C04F79EFBC}") = "Testing", "Testing\Testing.csproj", "{184EAD7F-C04F-4751-865C-0BC992D859FA}"
EndProject
Project("{FAE04EC0-301F-11D3-BF4B-00C04F79EFBC}") = "CoronaWatchUI", "CoronaWatchUI\CoronaWatchUI.csproj", "{C58FDFE9-9E95-4BE1-9BEA-047DFBC7BBC8}"
EndProject
Project("{FAE04EC0-301F-11D3-BF4B-00C04F79EFBC}") = "CoronaWatchDB", "CoronaWatchDB\CoronaWatchDB.csproj", "{D237E215-5D7F-45FC-9A7C-E5CE127E7BCB}"
EndProject
Global
	GlobalSection(SolutionConfigurationPlatforms) = preSolution
		Debug|Any CPU = Debug|Any CPU
		Release|Any CPU = Release|Any CPU
	EndGlobalSection
	GlobalSection(ProjectConfigurationPlatforms) = postSolution
		{A02DF46D-D0AC-4C26-964A-92617276360C}.Debug|Any CPU.ActiveCfg = Debug|Any CPU
		{A02DF46D-D0AC-4C26-964A-92617276360C}.Debug|Any CPU.Build.0 = Debug|Any CPU
		{A02DF46D-D0AC-4C26-964A-92617276360C}.Release|Any CPU.ActiveCfg = Release|Any CPU
		{A02DF46D-D0AC-4C26-964A-92617276360C}.Release|Any CPU.Build.0 = Release|Any CPU
		{184EAD7F-C04F-4751-865C-0BC992D859FA}.Debug|Any CPU.ActiveCfg = Debug|Any CPU
		{184EAD7F-C04F-4751-865C-0BC992D859FA}.Debug|Any CPU.Build.0 = Debug|Any CPU
		{184EAD7F-C04F-4751-865C-0BC992D859FA}.Release|Any CPU.ActiveCfg = Release|Any CPU
		{184EAD7F-C04F-4751-865C-0BC992D859FA}.Release|Any CPU.Build.0 = Release|Any CPU
		{C58FDFE9-9E95-4BE1-9BEA-047DFBC7BBC8}.Debug|Any CPU.ActiveCfg = Debug|Any CPU
		{C58FDFE9-9E95-4BE1-9BEA-047DFBC7BBC8}.Debug|Any CPU.Build.0 = Debug|Any CPU
		{C58FDFE9-9E95-4BE1-9BEA-047DFBC7BBC8}.Release|Any CPU.ActiveCfg = Release|Any CPU
		{C58FDFE9-9E95-4BE1-9BEA-047DFBC7BBC8}.Release|Any CPU.Build.0 = Release|Any CPU
		{D237E215-5D7F-45FC-9A7C-E5CE127E7BCB}.Debug|Any CPU.ActiveCfg = Debug|Any CPU
		{D237E215-5D7F-45FC-9A7C-E5CE127E7BCB}.Debug|Any CPU.Build.0 = Debug|Any CPU
		{D237E215-5D7F-45FC-9A7C-E5CE127E7BCB}.Release|Any CPU.ActiveCfg = Release|Any CPU
		{D237E215-5D7F-45FC-9A7C-E5CE127E7BCB}.Release|Any CPU.Build.0 = Release|Any CPU
	EndGlobalSection
	GlobalSection(SolutionProperties) = preSolution
		HideSolutionNode = FALSE
	EndGlobalSection
	GlobalSection(ExtensibilityGlobals) = postSolution
		SolutionGuid = {AD6DBD18-5FC4-40AF-942B-D5A261E9A89D}
	EndGlobalSection
EndGlobal
